
Microsoft Visual Studio Solution File, Format Version 12.00
# Visual Studio Version 16
VisualStudioVersion = 16.0.30204.135
MinimumVisualStudioVersion = 10.0.40219.1
Project("{FAE04EC0-301F-11D3-BF4B-00C04F79EFBC}") = "dotnet-core-aes-data-encrytion", "dotnet-core-aes-data-encrytion\dotnet-core-aes-data-encrytion.csproj", "{A04B8EE4-404A-4089-ACD4-020753F549D3}"
EndProject
Global
	GlobalSection(SolutionConfigurationPlatforms) = preSolution
		Debug|Any CPU = Debug|Any CPU
		Release|Any CPU = Release|Any CPU
	EndGlobalSection
	GlobalSection(ProjectConfigurationPlatforms) = postSolution
		{A04B8EE4-404A-4089-ACD4-020753F549D3}.Debug|Any CPU.ActiveCfg = Debug|Any CPU
		{A04B8EE4-404A-4089-ACD4-020753F549D3}.Debug|Any CPU.Build.0 = Debug|Any CPU
		{A04B8EE4-404A-4089-ACD4-020753F549D3}.Release|Any CPU.ActiveCfg = Release|Any CPU
		{A04B8EE4-404A-4089-ACD4-020753F549D3}.Release|Any CPU.Build.0 = Release|Any CPU
	EndGlobalSection
	GlobalSection(SolutionProperties) = preSolution
		HideSolutionNode = FALSE
	EndGlobalSection
	GlobalSection(ExtensibilityGlobals) = postSolution
		SolutionGuid = {6478A883-251F-4025-BD34-8C7E9250CD8A}
	EndGlobalSection
EndGlobal
